{
    "name": "@valkyrjaio/valkyrja",
    "version": "26.7.12",
    "lockfileVersion": 3,
    "requires": true,
    "packages": {
        "": {
            "name": "@valkyrjaio/valkyrja",
            "version": "26.7.12",
            "license": "MIT",
            "engines": {
                "node": ">=22"
            }
        }
    }
}
